
Microsoft Visual Studio Solution File, Format Version 12.00
# Visual Studio Version 16
VisualStudioVersion = 16.0.29613.14
MinimumVisualStudioVersion = 10.0.40219.1
Project("{9A19103F-16F7-4668-BE54-9A1E7A4F7556}") = "Thumbs", "Thumbs\Thumbs.csproj", "{D8A867D1-0DD3-4532-A12D-04529A4FCD3F}"
EndProject
Project("{9A19103F-16F7-4668-BE54-9A1E7A4F7556}") = "DLCS.Model", "DLCS.Model\DLCS.Model.csproj", "{18651436-B6EA-44EC-9DB6-72DE89FC4659}"
EndProject
Project("{9A19103F-16F7-4668-BE54-9A1E7A4F7556}") = "DLCS.Repository", "DLCS.Repository\DLCS.Repository.csproj", "{723456E0-F697-47A3-A22B-3BEED196C45C}"
EndProject
Project("{FAE04EC0-301F-11D3-BF4B-00C04F79EFBC}") = "DLCS.Web", "DLCS.Web\DLCS.Web.csproj", "{6A136816-A5F1-4E07-8903-E87F41B50B6D}"
EndProject
Project("{2150E333-8FDC-42A3-9474-1A3956D46DE8}") = "_Testing", "_Testing", "{89603DC1-C3AD-49C8-A412-D556AE6483D6}"
EndProject
Project("{FAE04EC0-301F-11D3-BF4B-00C04F79EFBC}") = "DLCS.Repository.Tests", "DLCS.Repository.Tests\DLCS.Repository.Tests.csproj", "{2F574880-C868-4A9C-8E77-6DAFA2F5EAEF}"
EndProject
Project("{FAE04EC0-301F-11D3-BF4B-00C04F79EFBC}") = "DLCS.Core", "DLCS.Core\DLCS.Core.csproj", "{9584D327-7F2B-454B-AF4A-388B6EEA25A7}"
EndProject
Project("{FAE04EC0-301F-11D3-BF4B-00C04F79EFBC}") = "DLCS.Web.Tests", "DLCS.Web.Tests\DLCS.Web.Tests.csproj", "{6C220053-C4E4-4035-953C-C1E8505492BC}"
EndProject
Project("{FAE04EC0-301F-11D3-BF4B-00C04F79EFBC}") = "DLCS.Model.Tests", "DLCS.Model.Tests\DLCS.Model.Tests.csproj", "{C8862D40-A5FC-4234-9405-D63E44BE3E67}"
EndProject
Project("{FAE04EC0-301F-11D3-BF4B-00C04F79EFBC}") = "DLCS.Core.Tests", "DLCS.Core.Tests\DLCS.Core.Tests.csproj", "{7685C092-412B-4528-9953-8919F5FE3F02}"
EndProject
Project("{FAE04EC0-301F-11D3-BF4B-00C04F79EFBC}") = "API", "API\API.csproj", "{60FD5CBB-A61E-4CE6-8E24-7CDF799F7CC9}"
EndProject
Project("{FAE04EC0-301F-11D3-BF4B-00C04F79EFBC}") = "Portal", "Portal\Portal.csproj", "{207C1A36-B240-457B-AEF9-EF6836BDF58A}"
EndProject
Project("{FAE04EC0-301F-11D3-BF4B-00C04F79EFBC}") = "DLCS.Mediatr", "DLCS.Mediatr\DLCS.Mediatr.csproj", "{897821BD-3276-4AF0-B0DD-26B13D6656C9}"
EndProject
Project("{FAE04EC0-301F-11D3-BF4B-00C04F79EFBC}") = "Portal.Tests", "Portal.Tests\Portal.Tests.csproj", "{897238F7-4EBA-4A6E-8716-4BB4D7AAEA0E}"
EndProject
Project("{FAE04EC0-301F-11D3-BF4B-00C04F79EFBC}") = "API.Tests", "API.Tests\API.Tests.csproj", "{6D31DA62-5634-4B20-8EB3-6ED8D8427D5B}"
EndProject
Project("{FAE04EC0-301F-11D3-BF4B-00C04F79EFBC}") = "Orchestrator", "Orchestrator\Orchestrator.csproj", "{44C6C63D-D254-4D08-B35F-26CCED364D9F}"
EndProject
Project("{2150E333-8FDC-42A3-9474-1A3956D46DE8}") = "Applications", "Applications", "{820EE99A-E129-44EF-A7BD-519BCE6167D3}"
EndProject
Project("{FAE04EC0-301F-11D3-BF4B-00C04F79EFBC}") = "Orchestrator.Tests", "Orchestrator.Tests\Orchestrator.Tests.csproj", "{7A0F20A1-AED0-4771-A90D-C150BAFED464}"
EndProject
Project("{FAE04EC0-301F-11D3-BF4B-00C04F79EFBC}") = "Test.Helpers", "Test.Helpers\Test.Helpers.csproj", "{68876B84-0636-4573-A53A-926AB5C16231}"
EndProject
Project("{FAE04EC0-301F-11D3-BF4B-00C04F79EFBC}") = "API.Client", "API.Client\API.Client.csproj", "{252F2167-CC85-45A0-9D67-1F8125F64C1D}"
EndProject
Project("{FAE04EC0-301F-11D3-BF4B-00C04F79EFBC}") = "DLCS.HydraModel", "DLCS.HydraModel\DLCS.HydraModel.csproj", "{5A21949E-7FE2-4022-BAAF-7A570314F6A1}"
EndProject
Project("{FAE04EC0-301F-11D3-BF4B-00C04F79EFBC}") = "Hydra", "Hydra\Hydra.csproj", "{AD70A659-1EA7-4DCD-8FA6-265210E5CF25}"
EndProject
Project("{FAE04EC0-301F-11D3-BF4B-00C04F79EFBC}") = "DLCS.Mock", "DLCS.Mock\DLCS.Mock.csproj", "{963A0ED4-2836-42F0-9254-E405626EA7CE}"
EndProject
Project("{FAE04EC0-301F-11D3-BF4B-00C04F79EFBC}") = "DLCS.AWS", "DLCS.AWS\DLCS.AWS.csproj", "{5AE90CE9-26E2-4C4B-85F9-78BC4F406667}"
EndProject
Project("{FAE04EC0-301F-11D3-BF4B-00C04F79EFBC}") = "DLCS.AWS.Tests", "DLCS.AWS.Tests\DLCS.AWS.Tests.csproj", "{1E5EB337-60AA-4D86-BFFC-30FB747F9B25}"
EndProject
Project("{2150E333-8FDC-42A3-9474-1A3956D46DE8}") = "Utils", "Utils", "{EEB2997F-35CD-4666-8E8F-9BF9CB5F46D9}"
EndProject
Project("{FAE04EC0-301F-11D3-BF4B-00C04F79EFBC}") = "TestData", "Utils\TestData\TestData.csproj", "{4561CCE1-5175-4A6A-9707-C2C4776C9D19}"
EndProject
Project("{FAE04EC0-301F-11D3-BF4B-00C04F79EFBC}") = "Thumbs.Tests", "Thumbs.Tests\Thumbs.Tests.csproj", "{D8C11162-A3CF-475F-B182-5A115F6DE112}"
EndProject
Project("{FAE04EC0-301F-11D3-BF4B-00C04F79EFBC}") = "DLCS.Hydra.Tests", "DLCS.Hydra.Tests\DLCS.Hydra.Tests.csproj", "{CE569F21-B117-4F99-A28B-6F7C0DA5EEA9}"
EndProject
Project("{FAE04EC0-301F-11D3-BF4B-00C04F79EFBC}") = "Engine", "Engine\Engine.csproj", "{4C6F55F9-2C1B-46D5-8F86-865EA84DA917}"
EndProject
Project("{FAE04EC0-301F-11D3-BF4B-00C04F79EFBC}") = "Engine.Tests", "Engine.Tests\Engine.Tests.csproj", "{EF411F9A-C628-4786-92D4-D40A3EDE7222}"
EndProject
Project("{FAE04EC0-301F-11D3-BF4B-00C04F79EFBC}") = "CleanupHandler", "CleanupHandler\CleanupHandler.csproj", "{A8760A1D-8E1B-4822-954C-41188BD9745F}"
EndProject
Project("{FAE04EC0-301F-11D3-BF4B-00C04F79EFBC}") = "DeleteHandlerTests", "DeleteHandlerTests\DeleteHandlerTests.csproj", "{E0663AC2-FCCC-4660-999F-53AF37F8C63F}"
EndProject
Project("{FAE04EC0-301F-11D3-BF4B-00C04F79EFBC}") = "Migrator", "Utils\Migrator\Migrator.csproj", "{AD19E6C6-358C-4835-8431-A62018EA617B}"
EndProject
Global
	GlobalSection(SolutionConfigurationPlatforms) = preSolution
		Debug|Any CPU = Debug|Any CPU
		Release|Any CPU = Release|Any CPU
	EndGlobalSection
	GlobalSection(ProjectConfigurationPlatforms) = postSolution
		{D8A867D1-0DD3-4532-A12D-04529A4FCD3F}.Debug|Any CPU.ActiveCfg = Debug|Any CPU
		{D8A867D1-0DD3-4532-A12D-04529A4FCD3F}.Debug|Any CPU.Build.0 = Debug|Any CPU
		{D8A867D1-0DD3-4532-A12D-04529A4FCD3F}.Release|Any CPU.ActiveCfg = Release|Any CPU
		{D8A867D1-0DD3-4532-A12D-04529A4FCD3F}.Release|Any CPU.Build.0 = Release|Any CPU
		{18651436-B6EA-44EC-9DB6-72DE89FC4659}.Debug|Any CPU.ActiveCfg = Debug|Any CPU
		{18651436-B6EA-44EC-9DB6-72DE89FC4659}.Debug|Any CPU.Build.0 = Debug|Any CPU
		{18651436-B6EA-44EC-9DB6-72DE89FC4659}.Release|Any CPU.ActiveCfg = Release|Any CPU
		{18651436-B6EA-44EC-9DB6-72DE89FC4659}.Release|Any CPU.Build.0 = Release|Any CPU
		{723456E0-F697-47A3-A22B-3BEED196C45C}.Debug|Any CPU.ActiveCfg = Debug|Any CPU
		{723456E0-F697-47A3-A22B-3BEED196C45C}.Debug|Any CPU.Build.0 = Debug|Any CPU
		{723456E0-F697-47A3-A22B-3BEED196C45C}.Release|Any CPU.ActiveCfg = Release|Any CPU
		{723456E0-F697-47A3-A22B-3BEED196C45C}.Release|Any CPU.Build.0 = Release|Any CPU
		{6A136816-A5F1-4E07-8903-E87F41B50B6D}.Debug|Any CPU.ActiveCfg = Debug|Any CPU
		{6A136816-A5F1-4E07-8903-E87F41B50B6D}.Debug|Any CPU.Build.0 = Debug|Any CPU
		{6A136816-A5F1-4E07-8903-E87F41B50B6D}.Release|Any CPU.ActiveCfg = Release|Any CPU
		{6A136816-A5F1-4E07-8903-E87F41B50B6D}.Release|Any CPU.Build.0 = Release|Any CPU
		{2F574880-C868-4A9C-8E77-6DAFA2F5EAEF}.Debug|Any CPU.ActiveCfg = Debug|Any CPU
		{2F574880-C868-4A9C-8E77-6DAFA2F5EAEF}.Debug|Any CPU.Build.0 = Debug|Any CPU
		{2F574880-C868-4A9C-8E77-6DAFA2F5EAEF}.Release|Any CPU.ActiveCfg = Release|Any CPU
		{2F574880-C868-4A9C-8E77-6DAFA2F5EAEF}.Release|Any CPU.Build.0 = Release|Any CPU
		{9584D327-7F2B-454B-AF4A-388B6EEA25A7}.Debug|Any CPU.ActiveCfg = Debug|Any CPU
		{9584D327-7F2B-454B-AF4A-388B6EEA25A7}.Debug|Any CPU.Build.0 = Debug|Any CPU
		{9584D327-7F2B-454B-AF4A-388B6EEA25A7}.Release|Any CPU.ActiveCfg = Release|Any CPU
		{9584D327-7F2B-454B-AF4A-388B6EEA25A7}.Release|Any CPU.Build.0 = Release|Any CPU
		{6C220053-C4E4-4035-953C-C1E8505492BC}.Debug|Any CPU.ActiveCfg = Debug|Any CPU
		{6C220053-C4E4-4035-953C-C1E8505492BC}.Debug|Any CPU.Build.0 = Debug|Any CPU
		{6C220053-C4E4-4035-953C-C1E8505492BC}.Release|Any CPU.ActiveCfg = Release|Any CPU
		{6C220053-C4E4-4035-953C-C1E8505492BC}.Release|Any CPU.Build.0 = Release|Any CPU
		{C8862D40-A5FC-4234-9405-D63E44BE3E67}.Debug|Any CPU.ActiveCfg = Debug|Any CPU
		{C8862D40-A5FC-4234-9405-D63E44BE3E67}.Debug|Any CPU.Build.0 = Debug|Any CPU
		{C8862D40-A5FC-4234-9405-D63E44BE3E67}.Release|Any CPU.ActiveCfg = Release|Any CPU
		{C8862D40-A5FC-4234-9405-D63E44BE3E67}.Release|Any CPU.Build.0 = Release|Any CPU
		{7685C092-412B-4528-9953-8919F5FE3F02}.Debug|Any CPU.ActiveCfg = Debug|Any CPU
		{7685C092-412B-4528-9953-8919F5FE3F02}.Debug|Any CPU.Build.0 = Debug|Any CPU
		{7685C092-412B-4528-9953-8919F5FE3F02}.Release|Any CPU.ActiveCfg = Release|Any CPU
		{7685C092-412B-4528-9953-8919F5FE3F02}.Release|Any CPU.Build.0 = Release|Any CPU
		{60FD5CBB-A61E-4CE6-8E24-7CDF799F7CC9}.Debug|Any CPU.ActiveCfg = Debug|Any CPU
		{60FD5CBB-A61E-4CE6-8E24-7CDF799F7CC9}.Debug|Any CPU.Build.0 = Debug|Any CPU
		{60FD5CBB-A61E-4CE6-8E24-7CDF799F7CC9}.Release|Any CPU.ActiveCfg = Release|Any CPU
		{60FD5CBB-A61E-4CE6-8E24-7CDF799F7CC9}.Release|Any CPU.Build.0 = Release|Any CPU
		{207C1A36-B240-457B-AEF9-EF6836BDF58A}.Debug|Any CPU.ActiveCfg = Debug|Any CPU
		{207C1A36-B240-457B-AEF9-EF6836BDF58A}.Debug|Any CPU.Build.0 = Debug|Any CPU
		{207C1A36-B240-457B-AEF9-EF6836BDF58A}.Release|Any CPU.ActiveCfg = Release|Any CPU
		{207C1A36-B240-457B-AEF9-EF6836BDF58A}.Release|Any CPU.Build.0 = Release|Any CPU
		{897821BD-3276-4AF0-B0DD-26B13D6656C9}.Debug|Any CPU.ActiveCfg = Debug|Any CPU
		{897821BD-3276-4AF0-B0DD-26B13D6656C9}.Debug|Any CPU.Build.0 = Debug|Any CPU
		{897821BD-3276-4AF0-B0DD-26B13D6656C9}.Release|Any CPU.ActiveCfg = Release|Any CPU
		{897821BD-3276-4AF0-B0DD-26B13D6656C9}.Release|Any CPU.Build.0 = Release|Any CPU
		{897238F7-4EBA-4A6E-8716-4BB4D7AAEA0E}.Debug|Any CPU.ActiveCfg = Debug|Any CPU
		{897238F7-4EBA-4A6E-8716-4BB4D7AAEA0E}.Debug|Any CPU.Build.0 = Debug|Any CPU
		{897238F7-4EBA-4A6E-8716-4BB4D7AAEA0E}.Release|Any CPU.ActiveCfg = Release|Any CPU
		{897238F7-4EBA-4A6E-8716-4BB4D7AAEA0E}.Release|Any CPU.Build.0 = Release|Any CPU
		{6D31DA62-5634-4B20-8EB3-6ED8D8427D5B}.Debug|Any CPU.ActiveCfg = Debug|Any CPU
		{6D31DA62-5634-4B20-8EB3-6ED8D8427D5B}.Debug|Any CPU.Build.0 = Debug|Any CPU
		{6D31DA62-5634-4B20-8EB3-6ED8D8427D5B}.Release|Any CPU.ActiveCfg = Release|Any CPU
		{6D31DA62-5634-4B20-8EB3-6ED8D8427D5B}.Release|Any CPU.Build.0 = Release|Any CPU
		{44C6C63D-D254-4D08-B35F-26CCED364D9F}.Debug|Any CPU.ActiveCfg = Debug|Any CPU
		{44C6C63D-D254-4D08-B35F-26CCED364D9F}.Debug|Any CPU.Build.0 = Debug|Any CPU
		{44C6C63D-D254-4D08-B35F-26CCED364D9F}.Release|Any CPU.ActiveCfg = Release|Any CPU
		{44C6C63D-D254-4D08-B35F-26CCED364D9F}.Release|Any CPU.Build.0 = Release|Any CPU
		{7A0F20A1-AED0-4771-A90D-C150BAFED464}.Debug|Any CPU.ActiveCfg = Debug|Any CPU
		{7A0F20A1-AED0-4771-A90D-C150BAFED464}.Debug|Any CPU.Build.0 = Debug|Any CPU
		{7A0F20A1-AED0-4771-A90D-C150BAFED464}.Release|Any CPU.ActiveCfg = Release|Any CPU
		{7A0F20A1-AED0-4771-A90D-C150BAFED464}.Release|Any CPU.Build.0 = Release|Any CPU
		{68876B84-0636-4573-A53A-926AB5C16231}.Debug|Any CPU.ActiveCfg = Debug|Any CPU
		{68876B84-0636-4573-A53A-926AB5C16231}.Debug|Any CPU.Build.0 = Debug|Any CPU
		{68876B84-0636-4573-A53A-926AB5C16231}.Release|Any CPU.ActiveCfg = Release|Any CPU
		{68876B84-0636-4573-A53A-926AB5C16231}.Release|Any CPU.Build.0 = Release|Any CPU
		{252F2167-CC85-45A0-9D67-1F8125F64C1D}.Debug|Any CPU.ActiveCfg = Debug|Any CPU
		{252F2167-CC85-45A0-9D67-1F8125F64C1D}.Debug|Any CPU.Build.0 = Debug|Any CPU
		{252F2167-CC85-45A0-9D67-1F8125F64C1D}.Release|Any CPU.ActiveCfg = Release|Any CPU
		{252F2167-CC85-45A0-9D67-1F8125F64C1D}.Release|Any CPU.Build.0 = Release|Any CPU
		{5A21949E-7FE2-4022-BAAF-7A570314F6A1}.Debug|Any CPU.ActiveCfg = Debug|Any CPU
		{5A21949E-7FE2-4022-BAAF-7A570314F6A1}.Debug|Any CPU.Build.0 = Debug|Any CPU
		{5A21949E-7FE2-4022-BAAF-7A570314F6A1}.Release|Any CPU.ActiveCfg = Release|Any CPU
		{5A21949E-7FE2-4022-BAAF-7A570314F6A1}.Release|Any CPU.Build.0 = Release|Any CPU
		{AD70A659-1EA7-4DCD-8FA6-265210E5CF25}.Debug|Any CPU.ActiveCfg = Debug|Any CPU
		{AD70A659-1EA7-4DCD-8FA6-265210E5CF25}.Debug|Any CPU.Build.0 = Debug|Any CPU
		{AD70A659-1EA7-4DCD-8FA6-265210E5CF25}.Release|Any CPU.ActiveCfg = Release|Any CPU
		{AD70A659-1EA7-4DCD-8FA6-265210E5CF25}.Release|Any CPU.Build.0 = Release|Any CPU
		{963A0ED4-2836-42F0-9254-E405626EA7CE}.Debug|Any CPU.ActiveCfg = Debug|Any CPU
		{963A0ED4-2836-42F0-9254-E405626EA7CE}.Debug|Any CPU.Build.0 = Debug|Any CPU
		{963A0ED4-2836-42F0-9254-E405626EA7CE}.Release|Any CPU.ActiveCfg = Release|Any CPU
		{963A0ED4-2836-42F0-9254-E405626EA7CE}.Release|Any CPU.Build.0 = Release|Any CPU
		{5AE90CE9-26E2-4C4B-85F9-78BC4F406667}.Debug|Any CPU.ActiveCfg = Debug|Any CPU
		{5AE90CE9-26E2-4C4B-85F9-78BC4F406667}.Debug|Any CPU.Build.0 = Debug|Any CPU
		{5AE90CE9-26E2-4C4B-85F9-78BC4F406667}.Release|Any CPU.ActiveCfg = Release|Any CPU
		{5AE90CE9-26E2-4C4B-85F9-78BC4F406667}.Release|Any CPU.Build.0 = Release|Any CPU
		{1E5EB337-60AA-4D86-BFFC-30FB747F9B25}.Debug|Any CPU.ActiveCfg = Debug|Any CPU
		{1E5EB337-60AA-4D86-BFFC-30FB747F9B25}.Debug|Any CPU.Build.0 = Debug|Any CPU
		{1E5EB337-60AA-4D86-BFFC-30FB747F9B25}.Release|Any CPU.ActiveCfg = Release|Any CPU
		{1E5EB337-60AA-4D86-BFFC-30FB747F9B25}.Release|Any CPU.Build.0 = Release|Any CPU
		{4561CCE1-5175-4A6A-9707-C2C4776C9D19}.Debug|Any CPU.ActiveCfg = Debug|Any CPU
		{4561CCE1-5175-4A6A-9707-C2C4776C9D19}.Debug|Any CPU.Build.0 = Debug|Any CPU
		{4561CCE1-5175-4A6A-9707-C2C4776C9D19}.Release|Any CPU.ActiveCfg = Release|Any CPU
		{4561CCE1-5175-4A6A-9707-C2C4776C9D19}.Release|Any CPU.Build.0 = Release|Any CPU
		{D8C11162-A3CF-475F-B182-5A115F6DE112}.Debug|Any CPU.ActiveCfg = Debug|Any CPU
		{D8C11162-A3CF-475F-B182-5A115F6DE112}.Debug|Any CPU.Build.0 = Debug|Any CPU
		{D8C11162-A3CF-475F-B182-5A115F6DE112}.Release|Any CPU.ActiveCfg = Release|Any CPU
		{D8C11162-A3CF-475F-B182-5A115F6DE112}.Release|Any CPU.Build.0 = Release|Any CPU
		{CE569F21-B117-4F99-A28B-6F7C0DA5EEA9}.Debug|Any CPU.ActiveCfg = Debug|Any CPU
		{CE569F21-B117-4F99-A28B-6F7C0DA5EEA9}.Debug|Any CPU.Build.0 = Debug|Any CPU
		{CE569F21-B117-4F99-A28B-6F7C0DA5EEA9}.Release|Any CPU.ActiveCfg = Release|Any CPU
		{CE569F21-B117-4F99-A28B-6F7C0DA5EEA9}.Release|Any CPU.Build.0 = Release|Any CPU
		{4C6F55F9-2C1B-46D5-8F86-865EA84DA917}.Debug|Any CPU.ActiveCfg = Debug|Any CPU
		{4C6F55F9-2C1B-46D5-8F86-865EA84DA917}.Debug|Any CPU.Build.0 = Debug|Any CPU
		{4C6F55F9-2C1B-46D5-8F86-865EA84DA917}.Release|Any CPU.ActiveCfg = Release|Any CPU
		{4C6F55F9-2C1B-46D5-8F86-865EA84DA917}.Release|Any CPU.Build.0 = Release|Any CPU
		{EF411F9A-C628-4786-92D4-D40A3EDE7222}.Debug|Any CPU.ActiveCfg = Debug|Any CPU
		{EF411F9A-C628-4786-92D4-D40A3EDE7222}.Debug|Any CPU.Build.0 = Debug|Any CPU
		{EF411F9A-C628-4786-92D4-D40A3EDE7222}.Release|Any CPU.ActiveCfg = Release|Any CPU
		{EF411F9A-C628-4786-92D4-D40A3EDE7222}.Release|Any CPU.Build.0 = Release|Any CPU
		{A8760A1D-8E1B-4822-954C-41188BD9745F}.Debug|Any CPU.ActiveCfg = Debug|Any CPU
		{A8760A1D-8E1B-4822-954C-41188BD9745F}.Debug|Any CPU.Build.0 = Debug|Any CPU
		{A8760A1D-8E1B-4822-954C-41188BD9745F}.Release|Any CPU.ActiveCfg = Release|Any CPU
		{A8760A1D-8E1B-4822-954C-41188BD9745F}.Release|Any CPU.Build.0 = Release|Any CPU
		{E0663AC2-FCCC-4660-999F-53AF37F8C63F}.Debug|Any CPU.ActiveCfg = Debug|Any CPU
		{E0663AC2-FCCC-4660-999F-53AF37F8C63F}.Debug|Any CPU.Build.0 = Debug|Any CPU
		{E0663AC2-FCCC-4660-999F-53AF37F8C63F}.Release|Any CPU.ActiveCfg = Release|Any CPU
		{E0663AC2-FCCC-4660-999F-53AF37F8C63F}.Release|Any CPU.Build.0 = Release|Any CPU
		{AD19E6C6-358C-4835-8431-A62018EA617B}.Debug|Any CPU.ActiveCfg = Debug|Any CPU
		{AD19E6C6-358C-4835-8431-A62018EA617B}.Debug|Any CPU.Build.0 = Debug|Any CPU
		{AD19E6C6-358C-4835-8431-A62018EA617B}.Release|Any CPU.ActiveCfg = Release|Any CPU
		{AD19E6C6-358C-4835-8431-A62018EA617B}.Release|Any CPU.Build.0 = Release|Any CPU
	EndGlobalSection
	GlobalSection(SolutionProperties) = preSolution
		HideSolutionNode = FALSE
	EndGlobalSection
	GlobalSection(ExtensibilityGlobals) = postSolution
		SolutionGuid = {E57E435C-4677-499D-9646-1293205D70CD}
	EndGlobalSection
	GlobalSection(NestedProjects) = preSolution
		{2F574880-C868-4A9C-8E77-6DAFA2F5EAEF} = {89603DC1-C3AD-49C8-A412-D556AE6483D6}
		{6C220053-C4E4-4035-953C-C1E8505492BC} = {89603DC1-C3AD-49C8-A412-D556AE6483D6}
		{C8862D40-A5FC-4234-9405-D63E44BE3E67} = {89603DC1-C3AD-49C8-A412-D556AE6483D6}
		{7685C092-412B-4528-9953-8919F5FE3F02} = {89603DC1-C3AD-49C8-A412-D556AE6483D6}
		{897238F7-4EBA-4A6E-8716-4BB4D7AAEA0E} = {89603DC1-C3AD-49C8-A412-D556AE6483D6}
		{6D31DA62-5634-4B20-8EB3-6ED8D8427D5B} = {89603DC1-C3AD-49C8-A412-D556AE6483D6}
		{60FD5CBB-A61E-4CE6-8E24-7CDF799F7CC9} = {820EE99A-E129-44EF-A7BD-519BCE6167D3}
		{44C6C63D-D254-4D08-B35F-26CCED364D9F} = {820EE99A-E129-44EF-A7BD-519BCE6167D3}
		{D8A867D1-0DD3-4532-A12D-04529A4FCD3F} = {820EE99A-E129-44EF-A7BD-519BCE6167D3}
		{207C1A36-B240-457B-AEF9-EF6836BDF58A} = {820EE99A-E129-44EF-A7BD-519BCE6167D3}
		{7A0F20A1-AED0-4771-A90D-C150BAFED464} = {89603DC1-C3AD-49C8-A412-D556AE6483D6}
		{68876B84-0636-4573-A53A-926AB5C16231} = {89603DC1-C3AD-49C8-A412-D556AE6483D6}
		{1E5EB337-60AA-4D86-BFFC-30FB747F9B25} = {89603DC1-C3AD-49C8-A412-D556AE6483D6}
		{4561CCE1-5175-4A6A-9707-C2C4776C9D19} = {EEB2997F-35CD-4666-8E8F-9BF9CB5F46D9}
		{D8C11162-A3CF-475F-B182-5A115F6DE112} = {89603DC1-C3AD-49C8-A412-D556AE6483D6}
		{CE569F21-B117-4F99-A28B-6F7C0DA5EEA9} = {89603DC1-C3AD-49C8-A412-D556AE6483D6}
		{4C6F55F9-2C1B-46D5-8F86-865EA84DA917} = {820EE99A-E129-44EF-A7BD-519BCE6167D3}
		{EF411F9A-C628-4786-92D4-D40A3EDE7222} = {89603DC1-C3AD-49C8-A412-D556AE6483D6}
		{A8760A1D-8E1B-4822-954C-41188BD9745F} = {820EE99A-E129-44EF-A7BD-519BCE6167D3}
		{E0663AC2-FCCC-4660-999F-53AF37F8C63F} = {89603DC1-C3AD-49C8-A412-D556AE6483D6}
		{AD19E6C6-358C-4835-8431-A62018EA617B} = {EEB2997F-35CD-4666-8E8F-9BF9CB5F46D9}
	EndGlobalSection
EndGlobal
